
Microsoft Visual Studio Solution File, Format Version 12.00
# Visual Studio Version 17
VisualStudioVersion = 17.3.32825.248
MinimumVisualStudioVersion = 10.0.40219.1
Project("{9A19103F-16F7-4668-BE54-9A1E7A4F7556}") = "UsersManagementConsist", "User’sManagementConsist\UsersManagementConsist.csproj", "{3CB35D36-3BDE-4564-B112-A75E4BA79B82}"
EndProject
Global
	GlobalSection(SolutionConfigurationPlatforms) = preSolution
		Debug|Any CPU = Debug|Any CPU
		Release|Any CPU = Release|Any CPU
	EndGlobalSection
	GlobalSection(ProjectConfigurationPlatforms) = postSolution
		{3CB35D36-3BDE-4564-B112-A75E4BA79B82}.Debug|Any CPU.ActiveCfg = Debug|Any CPU
		{3CB35D36-3BDE-4564-B112-A75E4BA79B82}.Debug|Any CPU.Build.0 = Debug|Any CPU
		{3CB35D36-3BDE-4564-B112-A75E4BA79B82}.Release|Any CPU.ActiveCfg = Release|Any CPU
		{3CB35D36-3BDE-4564-B112-A75E4BA79B82}.Release|Any CPU.Build.0 = Release|Any CPU
	EndGlobalSection
	GlobalSection(SolutionProperties) = preSolution
		HideSolutionNode = FALSE
	EndGlobalSection
	GlobalSection(ExtensibilityGlobals) = postSolution
		SolutionGuid = {D398EFCC-9613-402B-A884-71FF2B76947E}
	EndGlobalSection
EndGlobal
